
Microsoft Visual Studio Solution File, Format Version 12.00
# Visual Studio 15
VisualStudioVersion = 15.0.28307.852
MinimumVisualStudioVersion = 10.0.40219.1
Project("{8BC9CEB8-8B4A-11D0-8D11-00A0C91BC942}") = "1st", "1st\1st.vcxproj", "{EDFE1EE9-75F7-4286-99FC-D7D8A975C931}"
EndProject
Project("{8BC9CEB8-8B4A-11D0-8D11-00A0C91BC942}") = "2nd", "2nd\2nd.vcxproj", "{F461946D-BF22-479F-9912-92B3F835412D}"
EndProject
Project("{8BC9CEB8-8B4A-11D0-8D11-00A0C91BC942}") = "3rd", "3rd\3rd.vcxproj", "{84BBECF4-C112-4ECF-B2EE-C2F107153B81}"
EndProject
Project("{8BC9CEB8-8B4A-11D0-8D11-00A0C91BC942}") = "4th", "4th\4th.vcxproj", "{7E824734-51C3-47CB-9927-7D0C18086547}"
EndProject
Project("{8BC9CEB8-8B4A-11D0-8D11-00A0C91BC942}") = "5th", "5th\5th.vcxproj", "{9413F480-9A9B-45FA-A0BD-45BF82DBEB80}"
EndProject
Project("{8BC9CEB8-8B4A-11D0-8D11-00A0C91BC942}") = "6th", "6th\6th.vcxproj", "{02AE2C86-3E9C-487E-AEE6-D812F157C975}"
EndProject
Project("{8BC9CEB8-8B4A-11D0-8D11-00A0C91BC942}") = "7th", "7th\7th.vcxproj", "{876985BD-D9FB-4584-89BD-E843EC0A8FB8}"
EndProject
Project("{8BC9CEB8-8B4A-11D0-8D11-00A0C91BC942}") = "8th", "8th\8th.vcxproj", "{D85CBC8D-3E8C-45A0-A75C-F2A64E4A9876}"
EndProject
Project("{8BC9CEB8-8B4A-11D0-8D11-00A0C91BC942}") = "9th", "9th\9th.vcxproj", "{E986A018-BF91-4863-8411-89C00AFEB2C5}"
EndProject
Global
	GlobalSection(SolutionConfigurationPlatforms) = preSolution
		Debug|x64 = Debug|x64
		Debug|x86 = Debug|x86
		Release|x64 = Release|x64
		Release|x86 = Release|x86
	EndGlobalSection
	GlobalSection(ProjectConfigurationPlatforms) = postSolution
		{EDFE1EE9-75F7-4286-99FC-D7D8A975C931}.Debug|x64.ActiveCfg = Debug|x64
		{EDFE1EE9-75F7-4286-99FC-D7D8A975C931}.Debug|x64.Build.0 = Debug|x64
		{EDFE1EE9-75F7-4286-99FC-D7D8A975C931}.Debug|x86.ActiveCfg = Debug|Win32
		{EDFE1EE9-75F7-4286-99FC-D7D8A975C931}.Debug|x86.Build.0 = Debug|Win32
		{EDFE1EE9-75F7-4286-99FC-D7D8A975C931}.Release|x64.ActiveCfg = Release|x64
		{EDFE1EE9-75F7-4286-99FC-D7D8A975C931}.Release|x64.Build.0 = Release|x64
		{EDFE1EE9-75F7-4286-99FC-D7D8A975C931}.Release|x86.ActiveCfg = Release|Win32
		{EDFE1EE9-75F7-4286-99FC-D7D8A975C931}.Release|x86.Build.0 = Release|Win32
		{F461946D-BF22-479F-9912-92B3F835412D}.Debug|x64.ActiveCfg = Debug|x64
		{F461946D-BF22-479F-9912-92B3F835412D}.Debug|x64.Build.0 = Debug|x64
		{F461946D-BF22-479F-9912-92B3F835412D}.Debug|x86.ActiveCfg = Debug|Win32
		{F461946D-BF22-479F-9912-92B3F835412D}.Debug|x86.Build.0 = Debug|Win32
		{F461946D-BF22-479F-9912-92B3F835412D}.Release|x64.ActiveCfg = Release|x64
		{F461946D-BF22-479F-9912-92B3F835412D}.Release|x64.Build.0 = Release|x64
		{F461946D-BF22-479F-9912-92B3F835412D}.Release|x86.ActiveCfg = Release|Win32
		{F461946D-BF22-479F-9912-92B3F835412D}.Release|x86.Build.0 = Release|Win32
		{84BBECF4-C112-4ECF-B2EE-C2F107153B81}.Debug|x64.ActiveCfg = Debug|x64
		{84BBECF4-C112-4ECF-B2EE-C2F107153B81}.Debug|x64.Build.0 = Debug|x64
		{84BBECF4-C112-4ECF-B2EE-C2F107153B81}.Debug|x86.ActiveCfg = Debug|Win32
		{84BBECF4-C112-4ECF-B2EE-C2F107153B81}.Debug|x86.Build.0 = Debug|Win32
		{84BBECF4-C112-4ECF-B2EE-C2F107153B81}.Release|x64.ActiveCfg = Release|x64
		{84BBECF4-C112-4ECF-B2EE-C2F107153B81}.Release|x64.Build.0 = Release|x64
		{84BBECF4-C112-4ECF-B2EE-C2F107153B81}.Release|x86.ActiveCfg = Release|Win32
		{84BBECF4-C112-4ECF-B2EE-C2F107153B81}.Release|x86.Build.0 = Release|Win32
		{7E824734-51C3-47CB-9927-7D0C18086547}.Debug|x64.ActiveCfg = Debug|x64
		{7E824734-51C3-47CB-9927-7D0C18086547}.Debug|x64.Build.0 = Debug|x64
		{7E824734-51C3-47CB-9927-7D0C18086547}.Debug|x86.ActiveCfg = Debug|Win32
		{7E824734-51C3-47CB-9927-7D0C18086547}.Debug|x86.Build.0 = Debug|Win32
		{7E824734-51C3-47CB-9927-7D0C18086547}.Release|x64.ActiveCfg = Release|x64
		{7E824734-51C3-47CB-9927-7D0C18086547}.Release|x64.Build.0 = Release|x64
		{7E824734-51C3-47CB-9927-7D0C18086547}.Release|x86.ActiveCfg = Release|Win32
		{7E824734-51C3-47CB-9927-7D0C18086547}.Release|x86.Build.0 = Release|Win32
		{9413F480-9A9B-45FA-A0BD-45BF82DBEB80}.Debug|x64.ActiveCfg = Debug|x64
		{9413F480-9A9B-45FA-A0BD-45BF82DBEB80}.Debug|x64.Build.0 = Debug|x64
		{9413F480-9A9B-45FA-A0BD-45BF82DBEB80}.Debug|x86.ActiveCfg = Debug|Win32
		{9413F480-9A9B-45FA-A0BD-45BF82DBEB80}.Debug|x86.Build.0 = Debug|Win32
		{9413F480-9A9B-45FA-A0BD-45BF82DBEB80}.Release|x64.ActiveCfg = Release|x64
		{9413F480-9A9B-45FA-A0BD-45BF82DBEB80}.Release|x64.Build.0 = Release|x64
		{9413F480-9A9B-45FA-A0BD-45BF82DBEB80}.Release|x86.ActiveCfg = Release|Win32
		{9413F480-9A9B-45FA-A0BD-45BF82DBEB80}.Release|x86.Build.0 = Release|Win32
		{02AE2C86-3E9C-487E-AEE6-D812F157C975}.Debug|x64.ActiveCfg = Debug|x64
		{02AE2C86-3E9C-487E-AEE6-D812F157C975}.Debug|x64.Build.0 = Debug|x64
		{02AE2C86-3E9C-487E-AEE6-D812F157C975}.Debug|x86.ActiveCfg = Debug|Win32
		{02AE2C86-3E9C-487E-AEE6-D812F157C975}.Debug|x86.Build.0 = Debug|Win32
		{02AE2C86-3E9C-487E-AEE6-D812F157C975}.Release|x64.ActiveCfg = Release|x64
		{02AE2C86-3E9C-487E-AEE6-D812F157C975}.Release|x64.Build.0 = Release|x64
		{02AE2C86-3E9C-487E-AEE6-D812F157C975}.Release|x86.ActiveCfg = Release|Win32
		{02AE2C86-3E9C-487E-AEE6-D812F157C975}.Release|x86.Build.0 = Release|Win32
		{876985BD-D9FB-4584-89BD-E843EC0A8FB8}.Debug|x64.ActiveCfg = Debug|x64
		{876985BD-D9FB-4584-89BD-E843EC0A8FB8}.Debug|x64.Build.0 = Debug|x64
		{876985BD-D9FB-4584-89BD-E843EC0A8FB8}.Debug|x86.ActiveCfg = Debug|Win32
		{876985BD-D9FB-4584-89BD-E843EC0A8FB8}.Debug|x86.Build.0 = Debug|Win32
		{876985BD-D9FB-4584-89BD-E843EC0A8FB8}.Release|x64.ActiveCfg = Release|x64
		{876985BD-D9FB-4584-89BD-E843EC0A8FB8}.Release|x64.Build.0 = Release|x64
		{876985BD-D9FB-4584-89BD-E843EC0A8FB8}.Release|x86.ActiveCfg = Release|Win32
		{876985BD-D9FB-4584-89BD-E843EC0A8FB8}.Release|x86.Build.0 = Release|Win32
		{D85CBC8D-3E8C-45A0-A75C-F2A64E4A9876}.Debug|x64.ActiveCfg = Debug|x64
		{D85CBC8D-3E8C-45A0-A75C-F2A64E4A9876}.Debug|x64.Build.0 = Debug|x64
		{D85CBC8D-3E8C-45A0-A75C-F2A64E4A9876}.Debug|x86.ActiveCfg = Debug|Win32
		{D85CBC8D-3E8C-45A0-A75C-F2A64E4A9876}.Debug|x86.Build.0 = Debug|Win32
		{D85CBC8D-3E8C-45A0-A75C-F2A64E4A9876}.Release|x64.ActiveCfg = Release|x64
		{D85CBC8D-3E8C-45A0-A75C-F2A64E4A9876}.Release|x64.Build.0 = Release|x64
		{D85CBC8D-3E8C-45A0-A75C-F2A64E4A9876}.Release|x86.ActiveCfg = Release|Win32
		{D85CBC8D-3E8C-45A0-A75C-F2A64E4A9876}.Release|x86.Build.0 = Release|Win32
		{E986A018-BF91-4863-8411-89C00AFEB2C5}.Debug|x64.ActiveCfg = Debug|x64
		{E986A018-BF91-4863-8411-89C00AFEB2C5}.Debug|x64.Build.0 = Debug|x64
		{E986A018-BF91-4863-8411-89C00AFEB2C5}.Debug|x86.ActiveCfg = Debug|Win32
		{E986A018-BF91-4863-8411-89C00AFEB2C5}.Debug|x86.Build.0 = Debug|Win32
		{E986A018-BF91-4863-8411-89C00AFEB2C5}.Release|x64.ActiveCfg = Release|x64
		{E986A018-BF91-4863-8411-89C00AFEB2C5}.Release|x64.Build.0 = Release|x64
		{E986A018-BF91-4863-8411-89C00AFEB2C5}.Release|x86.ActiveCfg = Release|Win32
		{E986A018-BF91-4863-8411-89C00AFEB2C5}.Release|x86.Build.0 = Release|Win32
	EndGlobalSection
	GlobalSection(SolutionProperties) = preSolution
		HideSolutionNode = FALSE
	EndGlobalSection
	GlobalSection(ExtensibilityGlobals) = postSolution
		SolutionGuid = {60EEDF8F-02FA-4544-8F34-8A2E9A798A74}
	EndGlobalSection
EndGlobal
